
Microsoft Visual Studio Solution File, Format Version 12.00
# Visual Studio 14
VisualStudioVersion = 14.0.24720.0
MinimumVisualStudioVersion = 10.0.40219.1
Project("{2150E333-8FDC-42A3-9474-1A3956D46DE8}") = "Engine", "Engine", "{719E2BF3-EB81-4985-8243-42AD2EC073C5}"
EndProject
Project("{2150E333-8FDC-42A3-9474-1A3956D46DE8}") = "Games", "Games", "{522DF0F4-D66F-480B-B59D-C93525535542}"
EndProject
Project("{8BC9CEB8-8B4A-11D0-8D11-00A0C91BC942}") = "UE4", "Intermediate\ProjectFiles\UE4.vcxproj", "{7EB5143B-17D4-4166-959B-EACCEA90699E}"
EndProject
Project("{8BC9CEB8-8B4A-11D0-8D11-00A0C91BC942}") = "RpgProj", "Intermediate\ProjectFiles\RpgProj.vcxproj", "{8C1BB562-6309-4D93-8EAF-3A16B02CE926}"
EndProject
Global
	GlobalSection(SolutionConfigurationPlatforms) = preSolution
		DebugGame Editor|HTML5 = DebugGame Editor|HTML5
		DebugGame Editor|Win32 = DebugGame Editor|Win32
		DebugGame Editor|Win64 = DebugGame Editor|Win64
		DebugGame|HTML5 = DebugGame|HTML5
		DebugGame|Win32 = DebugGame|Win32
		DebugGame|Win64 = DebugGame|Win64
		Development Editor|HTML5 = Development Editor|HTML5
		Development Editor|Win32 = Development Editor|Win32
		Development Editor|Win64 = Development Editor|Win64
		Development|HTML5 = Development|HTML5
		Development|Win32 = Development|Win32
		Development|Win64 = Development|Win64
		Shipping|HTML5 = Shipping|HTML5
		Shipping|Win32 = Shipping|Win32
		Shipping|Win64 = Shipping|Win64
	EndGlobalSection
	GlobalSection(ProjectConfigurationPlatforms) = postSolution
		{7EB5143B-17D4-4166-959B-EACCEA90699E}.DebugGame Editor|HTML5.ActiveCfg = BuiltWithUnrealBuildTool|Win32
		{7EB5143B-17D4-4166-959B-EACCEA90699E}.DebugGame Editor|HTML5.Build.0 = BuiltWithUnrealBuildTool|Win32
		{7EB5143B-17D4-4166-959B-EACCEA90699E}.DebugGame Editor|Win32.ActiveCfg = BuiltWithUnrealBuildTool|Win32
		{7EB5143B-17D4-4166-959B-EACCEA90699E}.DebugGame Editor|Win32.Build.0 = BuiltWithUnrealBuildTool|Win32
		{7EB5143B-17D4-4166-959B-EACCEA90699E}.DebugGame Editor|Win64.ActiveCfg = BuiltWithUnrealBuildTool|Win32
		{7EB5143B-17D4-4166-959B-EACCEA90699E}.DebugGame Editor|Win64.Build.0 = BuiltWithUnrealBuildTool|Win32
		{7EB5143B-17D4-4166-959B-EACCEA90699E}.DebugGame|HTML5.ActiveCfg = BuiltWithUnrealBuildTool|Win32
		{7EB5143B-17D4-4166-959B-EACCEA90699E}.DebugGame|HTML5.Build.0 = BuiltWithUnrealBuildTool|Win32
		{7EB5143B-17D4-4166-959B-EACCEA90699E}.DebugGame|Win32.ActiveCfg = BuiltWithUnrealBuildTool|Win32
		{7EB5143B-17D4-4166-959B-EACCEA90699E}.DebugGame|Win32.Build.0 = BuiltWithUnrealBuildTool|Win32
		{7EB5143B-17D4-4166-959B-EACCEA90699E}.DebugGame|Win64.ActiveCfg = BuiltWithUnrealBuildTool|Win32
		{7EB5143B-17D4-4166-959B-EACCEA90699E}.DebugGame|Win64.Build.0 = BuiltWithUnrealBuildTool|Win32
		{7EB5143B-17D4-4166-959B-EACCEA90699E}.Development Editor|HTML5.ActiveCfg = BuiltWithUnrealBuildTool|Win32
		{7EB5143B-17D4-4166-959B-EACCEA90699E}.Development Editor|HTML5.Build.0 = BuiltWithUnrealBuildTool|Win32
		{7EB5143B-17D4-4166-959B-EACCEA90699E}.Development Editor|Win32.ActiveCfg = BuiltWithUnrealBuildTool|Win32
		{7EB5143B-17D4-4166-959B-EACCEA90699E}.Development Editor|Win32.Build.0 = BuiltWithUnrealBuildTool|Win32
		{7EB5143B-17D4-4166-959B-EACCEA90699E}.Development Editor|Win64.ActiveCfg = BuiltWithUnrealBuildTool|Win32
		{7EB5143B-17D4-4166-959B-EACCEA90699E}.Development Editor|Win64.Build.0 = BuiltWithUnrealBuildTool|Win32
		{7EB5143B-17D4-4166-959B-EACCEA90699E}.Development|HTML5.ActiveCfg = BuiltWithUnrealBuildTool|Win32
		{7EB5143B-17D4-4166-959B-EACCEA90699E}.Development|HTML5.Build.0 = BuiltWithUnrealBuildTool|Win32
		{7EB5143B-17D4-4166-959B-EACCEA90699E}.Development|Win32.ActiveCfg = BuiltWithUnrealBuildTool|Win32
		{7EB5143B-17D4-4166-959B-EACCEA90699E}.Development|Win32.Build.0 = BuiltWithUnrealBuildTool|Win32
		{7EB5143B-17D4-4166-959B-EACCEA90699E}.Development|Win64.ActiveCfg = BuiltWithUnrealBuildTool|Win32
		{7EB5143B-17D4-4166-959B-EACCEA90699E}.Development|Win64.Build.0 = BuiltWithUnrealBuildTool|Win32
		{7EB5143B-17D4-4166-959B-EACCEA90699E}.Shipping|HTML5.ActiveCfg = BuiltWithUnrealBuildTool|Win32
		{7EB5143B-17D4-4166-959B-EACCEA90699E}.Shipping|HTML5.Build.0 = BuiltWithUnrealBuildTool|Win32
		{7EB5143B-17D4-4166-959B-EACCEA90699E}.Shipping|Win32.ActiveCfg = BuiltWithUnrealBuildTool|Win32
		{7EB5143B-17D4-4166-959B-EACCEA90699E}.Shipping|Win32.Build.0 = BuiltWithUnrealBuildTool|Win32
		{7EB5143B-17D4-4166-959B-EACCEA90699E}.Shipping|Win64.ActiveCfg = BuiltWithUnrealBuildTool|Win32
		{7EB5143B-17D4-4166-959B-EACCEA90699E}.Shipping|Win64.Build.0 = BuiltWithUnrealBuildTool|Win32
		{8C1BB562-6309-4D93-8EAF-3A16B02CE926}.DebugGame Editor|HTML5.ActiveCfg = HTML5_DebugGame_Editor|Win32
		{8C1BB562-6309-4D93-8EAF-3A16B02CE926}.DebugGame Editor|Win32.ActiveCfg = DebugGame_Editor|Win32
		{8C1BB562-6309-4D93-8EAF-3A16B02CE926}.DebugGame Editor|Win64.ActiveCfg = DebugGame_Editor|x64
		{8C1BB562-6309-4D93-8EAF-3A16B02CE926}.DebugGame Editor|Win64.Build.0 = DebugGame_Editor|x64
		{8C1BB562-6309-4D93-8EAF-3A16B02CE926}.DebugGame|HTML5.ActiveCfg = HTML5_DebugGame_Game|Win32
		{8C1BB562-6309-4D93-8EAF-3A16B02CE926}.DebugGame|HTML5.Build.0 = HTML5_DebugGame_Game|Win32
		{8C1BB562-6309-4D93-8EAF-3A16B02CE926}.DebugGame|Win32.ActiveCfg = DebugGame_Game|Win32
		{8C1BB562-6309-4D93-8EAF-3A16B02CE926}.DebugGame|Win32.Build.0 = DebugGame_Game|Win32
		{8C1BB562-6309-4D93-8EAF-3A16B02CE926}.DebugGame|Win64.ActiveCfg = DebugGame_Game|x64
		{8C1BB562-6309-4D93-8EAF-3A16B02CE926}.DebugGame|Win64.Build.0 = DebugGame_Game|x64
		{8C1BB562-6309-4D93-8EAF-3A16B02CE926}.Development Editor|HTML5.ActiveCfg = HTML5_Development_Editor|Win32
		{8C1BB562-6309-4D93-8EAF-3A16B02CE926}.Development Editor|Win32.ActiveCfg = Development_Editor|Win32
		{8C1BB562-6309-4D93-8EAF-3A16B02CE926}.Development Editor|Win64.ActiveCfg = Development_Editor|x64
		{8C1BB562-6309-4D93-8EAF-3A16B02CE926}.Development Editor|Win64.Build.0 = Development_Editor|x64
		{8C1BB562-6309-4D93-8EAF-3A16B02CE926}.Development|HTML5.ActiveCfg = HTML5_Development_Game|Win32
		{8C1BB562-6309-4D93-8EAF-3A16B02CE926}.Development|HTML5.Build.0 = HTML5_Development_Game|Win32
		{8C1BB562-6309-4D93-8EAF-3A16B02CE926}.Development|Win32.ActiveCfg = Development_Game|Win32
		{8C1BB562-6309-4D93-8EAF-3A16B02CE926}.Development|Win32.Build.0 = Development_Game|Win32
		{8C1BB562-6309-4D93-8EAF-3A16B02CE926}.Development|Win64.ActiveCfg = Development_Game|x64
		{8C1BB562-6309-4D93-8EAF-3A16B02CE926}.Development|Win64.Build.0 = Development_Game|x64
		{8C1BB562-6309-4D93-8EAF-3A16B02CE926}.Shipping|HTML5.ActiveCfg = HTML5_Shipping_Game|Win32
		{8C1BB562-6309-4D93-8EAF-3A16B02CE926}.Shipping|HTML5.Build.0 = HTML5_Shipping_Game|Win32
		{8C1BB562-6309-4D93-8EAF-3A16B02CE926}.Shipping|Win32.ActiveCfg = Shipping_Game|Win32
		{8C1BB562-6309-4D93-8EAF-3A16B02CE926}.Shipping|Win32.Build.0 = Shipping_Game|Win32
		{8C1BB562-6309-4D93-8EAF-3A16B02CE926}.Shipping|Win64.ActiveCfg = Shipping_Game|x64
		{8C1BB562-6309-4D93-8EAF-3A16B02CE926}.Shipping|Win64.Build.0 = Shipping_Game|x64
	EndGlobalSection
	GlobalSection(SolutionProperties) = preSolution
		HideSolutionNode = FALSE
	EndGlobalSection
	GlobalSection(NestedProjects) = preSolution
		{7EB5143B-17D4-4166-959B-EACCEA90699E} = {719E2BF3-EB81-4985-8243-42AD2EC073C5}
		{8C1BB562-6309-4D93-8EAF-3A16B02CE926} = {522DF0F4-D66F-480B-B59D-C93525535542}
	EndGlobalSection
EndGlobal
